
Microsoft Visual Studio Solution File, Format Version 12.00
# Visual Studio Version 17
VisualStudioVersion = 17.1.32407.343
MinimumVisualStudioVersion = 10.0.40219.1
Project("{9A19103F-16F7-4668-BE54-9A1E7A4F7556}") = "Server", "Server\Server.csproj", "{63628F37-77F4-44D6-8B88-2849E1DCC52E}"
	ProjectSection(ProjectDependencies) = postProject
		{E31DDB9D-997F-4C75-8A0F-FA9386E1E8E0} = {E31DDB9D-997F-4C75-8A0F-FA9386E1E8E0}
	EndProjectSection
EndProject
Project("{9A19103F-16F7-4668-BE54-9A1E7A4F7556}") = "GLFinder", "GLFinder\GLFinder.csproj", "{954F6D6E-BD58-4C52-93C4-715EAD37DFBC}"
	ProjectSection(ProjectDependencies) = postProject
		{E31DDB9D-997F-4C75-8A0F-FA9386E1E8E0} = {E31DDB9D-997F-4C75-8A0F-FA9386E1E8E0}
	EndProjectSection
EndProject
Project("{9A19103F-16F7-4668-BE54-9A1E7A4F7556}") = "GreenLifeLib", "GreenLifeLib\GreenLifeLib.csproj", "{E31DDB9D-997F-4C75-8A0F-FA9386E1E8E0}"
EndProject
Project("{FAE04EC0-301F-11D3-BF4B-00C04F79EFBC}") = "AspServer", "AspServer\AspServer.csproj", "{B3CDE35F-03FA-4E15-8F21-0A561618AF7D}"
EndProject
Global
	GlobalSection(SolutionConfigurationPlatforms) = preSolution
		Debug|Any CPU = Debug|Any CPU
		Release|Any CPU = Release|Any CPU
	EndGlobalSection
	GlobalSection(ProjectConfigurationPlatforms) = postSolution
		{63628F37-77F4-44D6-8B88-2849E1DCC52E}.Debug|Any CPU.ActiveCfg = Debug|Any CPU
		{63628F37-77F4-44D6-8B88-2849E1DCC52E}.Debug|Any CPU.Build.0 = Debug|Any CPU
		{63628F37-77F4-44D6-8B88-2849E1DCC52E}.Release|Any CPU.ActiveCfg = Release|Any CPU
		{63628F37-77F4-44D6-8B88-2849E1DCC52E}.Release|Any CPU.Build.0 = Release|Any CPU
		{954F6D6E-BD58-4C52-93C4-715EAD37DFBC}.Debug|Any CPU.ActiveCfg = Debug|Any CPU
		{954F6D6E-BD58-4C52-93C4-715EAD37DFBC}.Debug|Any CPU.Build.0 = Debug|Any CPU
		{954F6D6E-BD58-4C52-93C4-715EAD37DFBC}.Release|Any CPU.ActiveCfg = Release|Any CPU
		{954F6D6E-BD58-4C52-93C4-715EAD37DFBC}.Release|Any CPU.Build.0 = Release|Any CPU
		{E31DDB9D-997F-4C75-8A0F-FA9386E1E8E0}.Debug|Any CPU.ActiveCfg = Debug|Any CPU
		{E31DDB9D-997F-4C75-8A0F-FA9386E1E8E0}.Debug|Any CPU.Build.0 = Debug|Any CPU
		{E31DDB9D-997F-4C75-8A0F-FA9386E1E8E0}.Release|Any CPU.ActiveCfg = Release|Any CPU
		{E31DDB9D-997F-4C75-8A0F-FA9386E1E8E0}.Release|Any CPU.Build.0 = Release|Any CPU
		{B3CDE35F-03FA-4E15-8F21-0A561618AF7D}.Debug|Any CPU.ActiveCfg = Debug|Any CPU
		{B3CDE35F-03FA-4E15-8F21-0A561618AF7D}.Debug|Any CPU.Build.0 = Debug|Any CPU
		{B3CDE35F-03FA-4E15-8F21-0A561618AF7D}.Release|Any CPU.ActiveCfg = Release|Any CPU
		{B3CDE35F-03FA-4E15-8F21-0A561618AF7D}.Release|Any CPU.Build.0 = Release|Any CPU
	EndGlobalSection
	GlobalSection(SolutionProperties) = preSolution
		HideSolutionNode = FALSE
	EndGlobalSection
	GlobalSection(ExtensibilityGlobals) = postSolution
		SolutionGuid = {41894A1C-F49A-4BC5-B6E8-5BE7BF266F37}
	EndGlobalSection
EndGlobal
